
Microsoft Visual Studio Solution File, Format Version 12.00
# Visual Studio 15
VisualStudioVersion = 15.0.28010.2019
MinimumVisualStudioVersion = 10.0.40219.1
Project("{FAE04EC0-301F-11D3-BF4B-00C04F79EFBC}") = "GlobalProject_1", "GlobalProject_1\GlobalProject_1.csproj", "{76144DFF-BF09-4717-94C0-DF22BBDDC59E}"
EndProject
Global
	GlobalSection(SolutionConfigurationPlatforms) = preSolution
		Debug|Any CPU = Debug|Any CPU
		Release|Any CPU = Release|Any CPU
	EndGlobalSection
	GlobalSection(ProjectConfigurationPlatforms) = postSolution
		{76144DFF-BF09-4717-94C0-DF22BBDDC59E}.Debug|Any CPU.ActiveCfg = Debug|Any CPU
		{76144DFF-BF09-4717-94C0-DF22BBDDC59E}.Debug|Any CPU.Build.0 = Debug|Any CPU
		{76144DFF-BF09-4717-94C0-DF22BBDDC59E}.Release|Any CPU.ActiveCfg = Release|Any CPU
		{76144DFF-BF09-4717-94C0-DF22BBDDC59E}.Release|Any CPU.Build.0 = Release|Any CPU
	EndGlobalSection
	GlobalSection(SolutionProperties) = preSolution
		HideSolutionNode = FALSE
	EndGlobalSection
	GlobalSection(ExtensibilityGlobals) = postSolution
		SolutionGuid = {C41E1B5E-A255-44C0-A386-9F7B243B1D62}
	EndGlobalSection
EndGlobal
